{
    "name": "@entity-factory/core",
    "version": "0.2.1",
    "lockfileVersion": 2,
    "requires": true,
    "packages": {
        "": {
            "name": "@entity-factory/core",
            "version": "0.2.1",
            "license": "MIT",
            "dependencies": {
                "faker": "^5.5.3",
                "uuid": "^8.3.2"
            },
            "devDependencies": {
                "@types/faker": "^5.5.9",
                "@types/uuid": "^8.3.1"
            }
        },
        "node_modules/@types/faker": {
            "version": "5.5.9",
            "resolved": "https://registry.npmjs.org/@types/faker/-/faker-5.5.9.tgz",
            "integrity": "sha512-uCx6mP3UY5SIO14XlspxsGjgaemrxpssJI0Ol+GfhxtcKpv9pgRZYsS4eeKeHVLje6Qtc8lGszuBI461+gVZBA==",
            "dev": true
        },
        "node_modules/@types/uuid": {
            "version": "8.3.1",
            "resolved": "https://registry.npmjs.org/@types/uuid/-/uuid-8.3.1.tgz",
            "integrity": "sha512-Y2mHTRAbqfFkpjldbkHGY8JIzRN6XqYRliG8/24FcHm2D2PwW24fl5xMRTVGdrb7iMrwCaIEbLWerGIkXuFWVg==",
            "dev": true
        },
        "node_modules/faker": {
            "version": "5.5.3",
            "resolved": "https://registry.npmjs.org/faker/-/faker-5.5.3.tgz",
            "integrity": "sha512-wLTv2a28wjUyWkbnX7u/ABZBkUkIF2fCd73V6P2oFqEGEktDfzWx4UxrSqtPRw0xPRAcjeAOIiJWqZm3pP4u3g=="
        },
        "node_modules/uuid": {
            "version": "8.3.2",
            "resolved": "https://registry.npmjs.org/uuid/-/uuid-8.3.2.tgz",
            "integrity": "sha512-+NYs2QeMWy+GWFOEm9xnn6HCDp0l7QBD7ml8zLUmJ+93Q5NF0NocErnwkTkXVFNiX3/fpC6afS8Dhb/gz7R7eg==",
            "bin": {
                "uuid": "dist/bin/uuid"
            }
        }
    },
    "dependencies": {
        "@types/faker": {
            "version": "5.5.9",
            "resolved": "https://registry.npmjs.org/@types/faker/-/faker-5.5.9.tgz",
            "integrity": "sha512-uCx6mP3UY5SIO14XlspxsGjgaemrxpssJI0Ol+GfhxtcKpv9pgRZYsS4eeKeHVLje6Qtc8lGszuBI461+gVZBA==",
            "dev": true
        },
        "@types/uuid": {
            "version": "8.3.1",
            "resolved": "https://registry.npmjs.org/@types/uuid/-/uuid-8.3.1.tgz",
            "integrity": "sha512-Y2mHTRAbqfFkpjldbkHGY8JIzRN6XqYRliG8/24FcHm2D2PwW24fl5xMRTVGdrb7iMrwCaIEbLWerGIkXuFWVg==",
            "dev": true
        },
        "faker": {
            "version": "5.5.3",
            "resolved": "https://registry.npmjs.org/faker/-/faker-5.5.3.tgz",
            "integrity": "sha512-wLTv2a28wjUyWkbnX7u/ABZBkUkIF2fCd73V6P2oFqEGEktDfzWx4UxrSqtPRw0xPRAcjeAOIiJWqZm3pP4u3g=="
        },
        "uuid": {
            "version": "8.3.2",
            "resolved": "https://registry.npmjs.org/uuid/-/uuid-8.3.2.tgz",
            "integrity": "sha512-+NYs2QeMWy+GWFOEm9xnn6HCDp0l7QBD7ml8zLUmJ+93Q5NF0NocErnwkTkXVFNiX3/fpC6afS8Dhb/gz7R7eg=="
        }
    }
}
